
Microsoft Visual Studio Solution File, Format Version 12.00
# Visual Studio Version 17
VisualStudioVersion = 17.0.31903.59
MinimumVisualStudioVersion = 10.0.40219.1
Project("{2150E333-8FDC-42A3-9474-1A3956D46DE8}") = "src", "src", "{486623D9-17F4-4AD6-ADCB-89E224FEC9D3}"
EndProject
Project("{2150E333-8FDC-42A3-9474-1A3956D46DE8}") = "6.Web", "6.Web", "{D6CDCCC0-12E3-499F-B711-7FBFFC5A57C0}"
EndProject
Project("{9A19103F-16F7-4668-BE54-9A1E7A4F7556}") = "Rsp.IrasPortal.Web", "src\Web\Rsp.IrasPortal.Web\Rsp.IrasPortal.Web.csproj", "{16232F65-3D77-4FFD-BC51-4AC0FFD9DAEE}"
EndProject
Project("{2150E333-8FDC-42A3-9474-1A3956D46DE8}") = "2.Domain", "2.Domain", "{9361B42C-F733-4032-9E77-BD8453CCB750}"
EndProject
Project("{9A19103F-16F7-4668-BE54-9A1E7A4F7556}") = "Rsp.IrasPortal.Domain", "src\Domain\Rsp.IrasPortal.Domain\Rsp.IrasPortal.Domain.csproj", "{34A64270-AC4E-429A-A4D2-8395018BA1FC}"
EndProject
Project("{2150E333-8FDC-42A3-9474-1A3956D46DE8}") = "3.Application", "3.Application", "{27EB43FE-9ED0-4B83-BD38-A0F14B26DFC2}"
EndProject
Project("{9A19103F-16F7-4668-BE54-9A1E7A4F7556}") = "Rsp.IrasPortal.Application", "src\Application\Rsp.IrasPortal.Application\Rsp.IrasPortal.Application.csproj", "{8B8C3F86-5D33-4B8A-BAF8-927D5B5A691C}"
EndProject
Project("{2150E333-8FDC-42A3-9474-1A3956D46DE8}") = "5.Infrastructure", "5.Infrastructure", "{F0BDE409-1397-47E1-8443-AF20575363FB}"
EndProject
Project("{9A19103F-16F7-4668-BE54-9A1E7A4F7556}") = "Rsp.IrasPortal.Infrastructure", "src\Infrastructure\Rsp.IrasPortal.Infrastructure\Rsp.IrasPortal.Infrastructure.csproj", "{D4766920-1B14-4BF6-9C95-5F391D76EDAC}"
EndProject
Project("{2150E333-8FDC-42A3-9474-1A3956D46DE8}") = "4.Services", "4.Services", "{60AE7A26-3C16-41FB-ABE6-38F589C58DC5}"
EndProject
Project("{9A19103F-16F7-4668-BE54-9A1E7A4F7556}") = "Rsp.IrasPortal.Services", "src\Services\Rsp.IrasPortal.Services\Rsp.IrasPortal.Services.csproj", "{D834828F-0F86-4E05-B6A5-0F0C3BA58F82}"
EndProject
Project("{2150E333-8FDC-42A3-9474-1A3956D46DE8}") = "tests", "tests", "{076A9217-81EA-489C-8D4B-5792A8CB7801}"
EndProject
Project("{2150E333-8FDC-42A3-9474-1A3956D46DE8}") = "UnitTests", "UnitTests", "{0106BD4E-99B7-42C3-9287-69CF99988C59}"
EndProject
Project("{9A19103F-16F7-4668-BE54-9A1E7A4F7556}") = "Rsp.IrasPortal.UnitTests", "tests\UnitTests\Rsp.IrasPortal.UnitTests\Rsp.IrasPortal.UnitTests.csproj", "{4D42B299-4EA3-469E-ABD4-4816E3E698AF}"
EndProject
Project("{2150E333-8FDC-42A3-9474-1A3956D46DE8}") = "IntegrationTests", "IntegrationTests", "{D6B72412-F379-4ACC-ADFD-31EA8C3AF213}"
EndProject
Project("{9A19103F-16F7-4668-BE54-9A1E7A4F7556}") = "Rsp.IrasPortal.IntegrationTests", "tests\IntegrationTests\Rsp.IrasPortal.IntegrationTests\Rsp.IrasPortal.IntegrationTests.csproj", "{5B1057F8-6F7A-4ECF-AC2F-5D22ED22E84B}"
EndProject
Project("{2150E333-8FDC-42A3-9474-1A3956D46DE8}") = "Solution Items", "Solution Items", "{150BB886-A262-4641-9F72-6BFA86554D33}"
	ProjectSection(SolutionItems) = preProject
		.editorconfig = .editorconfig
		.gitignore = .gitignore
		azure-pipelines.yaml = azure-pipelines.yaml
		README.md = README.md
	EndProjectSection
EndProject
Project("{2150E333-8FDC-42A3-9474-1A3956D46DE8}") = "1.Startup", "1.Startup", "{185666CC-E783-4DCD-A8CB-C9ABA2EC3BEB}"
EndProject
Project("{2150E333-8FDC-42A3-9474-1A3956D46DE8}") = ".AppHost", ".AppHost", "{C1E0FBD9-1A14-4C35-9565-49ABA90FB2F8}"
EndProject
Project("{9A19103F-16F7-4668-BE54-9A1E7A4F7556}") = "Rsp.IrasPortal", "src\Startup\Rsp.IrasPortal\Rsp.IrasPortal.csproj", "{29578680-4B09-4241-945C-F853B59795C6}"
EndProject
Project("{9A19103F-16F7-4668-BE54-9A1E7A4F7556}") = "Rsp.IrasPortal.AppHost", "src\AppHost\Rsp.IrasPortal.AppHost\Rsp.IrasPortal.AppHost.csproj", "{837C8507-617A-470E-9B1E-C1EA49C0E92A}"
EndProject
Project("{9A19103F-16F7-4668-BE54-9A1E7A4F7556}") = "Rsp.ServiceDefaults", "..\rsp-service-defaults\src\Rsp.ServiceDefaults\Rsp.ServiceDefaults.csproj", "{1B202491-1BC7-4FE7-9B4A-A386BA002800}"
EndProject
Global
	GlobalSection(SolutionConfigurationPlatforms) = preSolution
		Debug|Any CPU = Debug|Any CPU
		Release|Any CPU = Release|Any CPU
	EndGlobalSection
	GlobalSection(ProjectConfigurationPlatforms) = postSolution
		{16232F65-3D77-4FFD-BC51-4AC0FFD9DAEE}.Debug|Any CPU.ActiveCfg = Debug|Any CPU
		{16232F65-3D77-4FFD-BC51-4AC0FFD9DAEE}.Debug|Any CPU.Build.0 = Debug|Any CPU
		{16232F65-3D77-4FFD-BC51-4AC0FFD9DAEE}.Release|Any CPU.ActiveCfg = Release|Any CPU
		{16232F65-3D77-4FFD-BC51-4AC0FFD9DAEE}.Release|Any CPU.Build.0 = Release|Any CPU
		{34A64270-AC4E-429A-A4D2-8395018BA1FC}.Debug|Any CPU.ActiveCfg = Debug|Any CPU
		{34A64270-AC4E-429A-A4D2-8395018BA1FC}.Debug|Any CPU.Build.0 = Debug|Any CPU
		{34A64270-AC4E-429A-A4D2-8395018BA1FC}.Release|Any CPU.ActiveCfg = Release|Any CPU
		{34A64270-AC4E-429A-A4D2-8395018BA1FC}.Release|Any CPU.Build.0 = Release|Any CPU
		{8B8C3F86-5D33-4B8A-BAF8-927D5B5A691C}.Debug|Any CPU.ActiveCfg = Debug|Any CPU
		{8B8C3F86-5D33-4B8A-BAF8-927D5B5A691C}.Debug|Any CPU.Build.0 = Debug|Any CPU
		{8B8C3F86-5D33-4B8A-BAF8-927D5B5A691C}.Release|Any CPU.ActiveCfg = Release|Any CPU
		{8B8C3F86-5D33-4B8A-BAF8-927D5B5A691C}.Release|Any CPU.Build.0 = Release|Any CPU
		{D4766920-1B14-4BF6-9C95-5F391D76EDAC}.Debug|Any CPU.ActiveCfg = Debug|Any CPU
		{D4766920-1B14-4BF6-9C95-5F391D76EDAC}.Debug|Any CPU.Build.0 = Debug|Any CPU
		{D4766920-1B14-4BF6-9C95-5F391D76EDAC}.Release|Any CPU.ActiveCfg = Release|Any CPU
		{D4766920-1B14-4BF6-9C95-5F391D76EDAC}.Release|Any CPU.Build.0 = Release|Any CPU
		{D834828F-0F86-4E05-B6A5-0F0C3BA58F82}.Debug|Any CPU.ActiveCfg = Debug|Any CPU
		{D834828F-0F86-4E05-B6A5-0F0C3BA58F82}.Debug|Any CPU.Build.0 = Debug|Any CPU
		{D834828F-0F86-4E05-B6A5-0F0C3BA58F82}.Release|Any CPU.ActiveCfg = Release|Any CPU
		{D834828F-0F86-4E05-B6A5-0F0C3BA58F82}.Release|Any CPU.Build.0 = Release|Any CPU
		{4D42B299-4EA3-469E-ABD4-4816E3E698AF}.Debug|Any CPU.ActiveCfg = Debug|Any CPU
		{4D42B299-4EA3-469E-ABD4-4816E3E698AF}.Debug|Any CPU.Build.0 = Debug|Any CPU
		{4D42B299-4EA3-469E-ABD4-4816E3E698AF}.Release|Any CPU.ActiveCfg = Release|Any CPU
		{4D42B299-4EA3-469E-ABD4-4816E3E698AF}.Release|Any CPU.Build.0 = Release|Any CPU
		{5B1057F8-6F7A-4ECF-AC2F-5D22ED22E84B}.Debug|Any CPU.ActiveCfg = Debug|Any CPU
		{5B1057F8-6F7A-4ECF-AC2F-5D22ED22E84B}.Debug|Any CPU.Build.0 = Debug|Any CPU
		{5B1057F8-6F7A-4ECF-AC2F-5D22ED22E84B}.Release|Any CPU.ActiveCfg = Release|Any CPU
		{5B1057F8-6F7A-4ECF-AC2F-5D22ED22E84B}.Release|Any CPU.Build.0 = Release|Any CPU
		{29578680-4B09-4241-945C-F853B59795C6}.Debug|Any CPU.ActiveCfg = Debug|Any CPU
		{29578680-4B09-4241-945C-F853B59795C6}.Debug|Any CPU.Build.0 = Debug|Any CPU
		{29578680-4B09-4241-945C-F853B59795C6}.Release|Any CPU.ActiveCfg = Release|Any CPU
		{29578680-4B09-4241-945C-F853B59795C6}.Release|Any CPU.Build.0 = Release|Any CPU
		{837C8507-617A-470E-9B1E-C1EA49C0E92A}.Debug|Any CPU.ActiveCfg = Debug|Any CPU
		{837C8507-617A-470E-9B1E-C1EA49C0E92A}.Debug|Any CPU.Build.0 = Debug|Any CPU
		{837C8507-617A-470E-9B1E-C1EA49C0E92A}.Release|Any CPU.ActiveCfg = Release|Any CPU
		{837C8507-617A-470E-9B1E-C1EA49C0E92A}.Release|Any CPU.Build.0 = Release|Any CPU
		{1B202491-1BC7-4FE7-9B4A-A386BA002800}.Debug|Any CPU.ActiveCfg = Debug|Any CPU
		{1B202491-1BC7-4FE7-9B4A-A386BA002800}.Debug|Any CPU.Build.0 = Debug|Any CPU
		{1B202491-1BC7-4FE7-9B4A-A386BA002800}.Release|Any CPU.ActiveCfg = Release|Any CPU
		{1B202491-1BC7-4FE7-9B4A-A386BA002800}.Release|Any CPU.Build.0 = Release|Any CPU
	EndGlobalSection
	GlobalSection(SolutionProperties) = preSolution
		HideSolutionNode = FALSE
	EndGlobalSection
	GlobalSection(NestedProjects) = preSolution
		{D6CDCCC0-12E3-499F-B711-7FBFFC5A57C0} = {486623D9-17F4-4AD6-ADCB-89E224FEC9D3}
		{16232F65-3D77-4FFD-BC51-4AC0FFD9DAEE} = {D6CDCCC0-12E3-499F-B711-7FBFFC5A57C0}
		{9361B42C-F733-4032-9E77-BD8453CCB750} = {486623D9-17F4-4AD6-ADCB-89E224FEC9D3}
		{34A64270-AC4E-429A-A4D2-8395018BA1FC} = {9361B42C-F733-4032-9E77-BD8453CCB750}
		{27EB43FE-9ED0-4B83-BD38-A0F14B26DFC2} = {486623D9-17F4-4AD6-ADCB-89E224FEC9D3}
		{8B8C3F86-5D33-4B8A-BAF8-927D5B5A691C} = {27EB43FE-9ED0-4B83-BD38-A0F14B26DFC2}
		{F0BDE409-1397-47E1-8443-AF20575363FB} = {486623D9-17F4-4AD6-ADCB-89E224FEC9D3}
		{D4766920-1B14-4BF6-9C95-5F391D76EDAC} = {F0BDE409-1397-47E1-8443-AF20575363FB}
		{60AE7A26-3C16-41FB-ABE6-38F589C58DC5} = {486623D9-17F4-4AD6-ADCB-89E224FEC9D3}
		{D834828F-0F86-4E05-B6A5-0F0C3BA58F82} = {60AE7A26-3C16-41FB-ABE6-38F589C58DC5}
		{0106BD4E-99B7-42C3-9287-69CF99988C59} = {076A9217-81EA-489C-8D4B-5792A8CB7801}
		{4D42B299-4EA3-469E-ABD4-4816E3E698AF} = {0106BD4E-99B7-42C3-9287-69CF99988C59}
		{D6B72412-F379-4ACC-ADFD-31EA8C3AF213} = {076A9217-81EA-489C-8D4B-5792A8CB7801}
		{5B1057F8-6F7A-4ECF-AC2F-5D22ED22E84B} = {D6B72412-F379-4ACC-ADFD-31EA8C3AF213}
		{185666CC-E783-4DCD-A8CB-C9ABA2EC3BEB} = {486623D9-17F4-4AD6-ADCB-89E224FEC9D3}
		{C1E0FBD9-1A14-4C35-9565-49ABA90FB2F8} = {486623D9-17F4-4AD6-ADCB-89E224FEC9D3}
		{29578680-4B09-4241-945C-F853B59795C6} = {185666CC-E783-4DCD-A8CB-C9ABA2EC3BEB}
		{837C8507-617A-470E-9B1E-C1EA49C0E92A} = {C1E0FBD9-1A14-4C35-9565-49ABA90FB2F8}
		{1B202491-1BC7-4FE7-9B4A-A386BA002800} = {C1E0FBD9-1A14-4C35-9565-49ABA90FB2F8}
	EndGlobalSection
	GlobalSection(ExtensibilityGlobals) = postSolution
		SolutionGuid = {6D948298-5F96-490D-9438-7D203E7327F3}
	EndGlobalSection
EndGlobal
